// !$*UTF8*$!
{
	archiveVersion = 1;
	classes = {
	};
	objectVersion = 56;
	objects = {

/* Begin PBXBuildFile section */
		4B629BEF2C75F7DE0049BB5C /* CaptureOverlayView.swift in Sources */ = {isa = PBXBuildFile; fileRef = 4B629BEE2C75F7DE0049BB5C /* CaptureOverlayView.swift */; };
		4B73952F2C74718E0090A7E7 /* ModelFile.swift in Sources */ = {isa = PBXBuildFile; fileRef = 4B73952E2C74718E0090A7E7 /* ModelFile.swift */; };
		4B7395312C74ABC70090A7E7 /* CaptureFolderManager.swift in Sources */ = {isa = PBXBuildFile; fileRef = 4B7395302C74ABC70090A7E7 /* CaptureFolderManager.swift */; };
		4B7395332C74AC760090A7E7 /* ShotFileInfo.swift in Sources */ = {isa = PBXBuildFile; fileRef = 4B7395322C74AC760090A7E7 /* ShotFileInfo.swift */; };
		4B7395352C74B4590090A7E7 /* ModelFile+State.swift in Sources */ = {isa = PBXBuildFile; fileRef = 4B7395342C74B4590090A7E7 /* ModelFile+State.swift */; };
		4B7395372C74C2610090A7E7 /* CapturePrimaryView.swift in Sources */ = {isa = PBXBuildFile; fileRef = 4B7395362C74C2610090A7E7 /* CapturePrimaryView.swift */; };
		4B78FC092C736BBE00858D09 /* _DModelApp.swift in Sources */ = {isa = PBXBuildFile; fileRef = 4B78FC082C736BBE00858D09 /* _DModelApp.swift */; };
		4B78FC0B2C736BBE00858D09 /* ContentView.swift in Sources */ = {isa = PBXBuildFile; fileRef = 4B78FC0A2C736BBE00858D09 /* ContentView.swift */; };
		4B78FC0D2C736BC000858D09 /* Assets.xcassets in Resources */ = {isa = PBXBuildFile; fileRef = 4B78FC0C2C736BC000858D09 /* Assets.xcassets */; };
		4B78FC102C736BC000858D09 /* Preview Assets.xcassets in Resources */ = {isa = PBXBuildFile; fileRef = 4B78FC0F2C736BC000858D09 /* Preview Assets.xcassets */; };
		4B78FC1A2C736BC000858D09 /* _DModelTests.swift in Sources */ = {isa = PBXBuildFile; fileRef = 4B78FC192C736BC000858D09 /* _DModelTests.swift */; };
		4B78FC242C736BC000858D09 /* _DModelUITests.swift in Sources */ = {isa = PBXBuildFile; fileRef = 4B78FC232C736BC000858D09 /* _DModelUITests.swift */; };
		4B78FC262C736BC000858D09 /* _DModelUITestsLaunchTests.swift in Sources */ = {isa = PBXBuildFile; fileRef = 4B78FC252C736BC000858D09 /* _DModelUITestsLaunchTests.swift */; };
		4B78FC332C7375DA00858D09 /* ShowModel.swift in Sources */ = {isa = PBXBuildFile; fileRef = 4B78FC322C7375DA00858D09 /* ShowModel.swift */; };
/* End PBXBuildFile section */

/* Begin PBXContainerItemProxy section */
		4B78FC162C736BC000858D09 /* PBXContainerItemProxy */ = {
			isa = PBXContainerItemProxy;
			containerPortal = 4B78FBFD2C736BBE00858D09 /* Project object */;
			proxyType = 1;
			remoteGlobalIDString = 4B78FC042C736BBE00858D09;
			remoteInfo = 3DModel;
		};
		4B78FC202C736BC000858D09 /* PBXContainerItemProxy */ = {
			isa = PBXContainerItemProxy;
			containerPortal = 4B78FBFD2C736BBE00858D09 /* Project object */;
			proxyType = 1;
			remoteGlobalIDString = 4B78FC042C736BBE00858D09;
			remoteInfo = 3DModel;
		};
/* End PBXContainerItemProxy section */

/* Begin PBXFileReference section */
		4B629BEE2C75F7DE0049BB5C /* CaptureOverlayView.swift */ = {isa = PBXFileReference; lastKnownFileType = sourcecode.swift; path = CaptureOverlayView.swift; sourceTree = "<group>"; };
		4B73952E2C74718E0090A7E7 /* ModelFile.swift */ = {isa = PBXFileReference; lastKnownFileType = sourcecode.swift; path = ModelFile.swift; sourceTree = "<group>"; };
		4B7395302C74ABC70090A7E7 /* CaptureFolderManager.swift */ = {isa = PBXFileReference; lastKnownFileType = sourcecode.swift; path = CaptureFolderManager.swift; sourceTree = "<group>"; };
		4B7395322C74AC760090A7E7 /* ShotFileInfo.swift */ = {isa = PBXFileReference; lastKnownFileType = sourcecode.swift; path = ShotFileInfo.swift; sourceTree = "<group>"; };
		4B7395342C74B4590090A7E7 /* ModelFile+State.swift */ = {isa = PBXFileReference; lastKnownFileType = sourcecode.swift; path = "ModelFile+State.swift"; sourceTree = "<group>"; };
		4B7395362C74C2610090A7E7 /* CapturePrimaryView.swift */ = {isa = PBXFileReference; lastKnownFileType = sourcecode.swift; path = CapturePrimaryView.swift; sourceTree = "<group>"; };
		4B78FC052C736BBE00858D09 /* 3DModel.app */ = {isa = PBXFileReference; explicitFileType = wrapper.application; includeInIndex = 0; path = 3DModel.app; sourceTree = BUILT_PRODUCTS_DIR; };
		4B78FC082C736BBE00858D09 /* _DModelApp.swift */ = {isa = PBXFileReference; lastKnownFileType = sourcecode.swift; path = _DModelApp.swift; sourceTree = "<group>"; };
		4B78FC0A2C736BBE00858D09 /* ContentView.swift */ = {isa = PBXFileReference; lastKnownFileType = sourcecode.swift; path = ContentView.swift; sourceTree = "<group>"; };
		4B78FC0C2C736BC000858D09 /* Assets.xcassets */ = {isa = PBXFileReference; lastKnownFileType = folder.assetcatalog; path = Assets.xcassets; sourceTree = "<group>"; };
		4B78FC0F2C736BC000858D09 /* Preview Assets.xcassets */ = {isa = PBXFileReference; lastKnownFileType = folder.assetcatalog; path = "Preview Assets.xcassets"; sourceTree = "<group>"; };
		4B78FC152C736BC000858D09 /* 3DModelTests.xctest */ = {isa = PBXFileReference; explicitFileType = wrapper.cfbundle; includeInIndex = 0; path = 3DModelTests.xctest; sourceTree = BUILT_PRODUCTS_DIR; };
		4B78FC192C736BC000858D09 /* _DModelTests.swift */ = {isa = PBXFileReference; lastKnownFileType = sourcecode.swift; path = _DModelTests.swift; sourceTree = "<group>"; };
		4B78FC1F2C736BC000858D09 /* 3DModelUITests.xctest */ = {isa = PBXFileReference; explicitFileType = wrapper.cfbundle; includeInIndex = 0; path = 3DModelUITests.xctest; sourceTree = BUILT_PRODUCTS_DIR; };
		4B78FC232C736BC000858D09 /* _DModelUITests.swift */ = {isa = PBXFileReference; lastKnownFileType = sourcecode.swift; path = _DModelUITests.swift; sourceTree = "<group>"; };
		4B78FC252C736BC000858D09 /* _DModelUITestsLaunchTests.swift */ = {isa = PBXFileReference; lastKnownFileType = sourcecode.swift; path = _DModelUITestsLaunchTests.swift; sourceTree = "<group>"; };
		4B78FC322C7375DA00858D09 /* ShowModel.swift */ = {isa = PBXFileReference; lastKnownFileType = sourcecode.swift; path = ShowModel.swift; sourceTree = "<group>"; };
/* End PBXFileReference section */

/* Begin PBXFrameworksBuildPhase section */
		4B78FC022C736BBE00858D09 /* Frameworks */ = {
			isa = PBXFrameworksBuildPhase;
			buildActionMask = 2147483647;
			files = (
			);
			runOnlyForDeploymentPostprocessing = 0;
		};
		4B78FC122C736BC000858D09 /* Frameworks */ = {
			isa = PBXFrameworksBuildPhase;
			buildActionMask = 2147483647;
			files = (
			);
			runOnlyForDeploymentPostprocessing = 0;
		};
		4B78FC1C2C736BC000858D09 /* Frameworks */ = {
			isa = PBXFrameworksBuildPhase;
			buildActionMask = 2147483647;
			files = (
			);
			runOnlyForDeploymentPostprocessing = 0;
		};
/* End PBXFrameworksBuildPhase section */

/* Begin PBXGroup section */
		4B78FBFC2C736BBE00858D09 = {
			isa = PBXGroup;
			children = (
				4B78FC072C736BBE00858D09 /* 3DModel */,
				4B78FC182C736BC000858D09 /* 3DModelTests */,
				4B78FC222C736BC000858D09 /* 3DModelUITests */,
				4B78FC062C736BBE00858D09 /* Products */,
			);
			sourceTree = "<group>";
		};
		4B78FC062C736BBE00858D09 /* Products */ = {
			isa = PBXGroup;
			children = (
				4B78FC052C736BBE00858D09 /* 3DModel.app */,
				4B78FC152C736BC000858D09 /* 3DModelTests.xctest */,
				4B78FC1F2C736BC000858D09 /* 3DModelUITests.xctest */,
			);
			name = Products;
			sourceTree = "<group>";
		};
		4B78FC072C736BBE00858D09 /* 3DModel */ = {
			isa = PBXGroup;
			children = (
				4B78FC082C736BBE00858D09 /* _DModelApp.swift */,
				4B78FC0A2C736BBE00858D09 /* ContentView.swift */,
				4B78FC0C2C736BC000858D09 /* Assets.xcassets */,
				4B78FC0E2C736BC000858D09 /* Preview Content */,
				4B78FC322C7375DA00858D09 /* ShowModel.swift */,
				4B73952E2C74718E0090A7E7 /* ModelFile.swift */,
				4B7395302C74ABC70090A7E7 /* CaptureFolderManager.swift */,
				4B7395322C74AC760090A7E7 /* ShotFileInfo.swift */,
				4B7395342C74B4590090A7E7 /* ModelFile+State.swift */,
				4B7395362C74C2610090A7E7 /* CapturePrimaryView.swift */,
				4B629BEE2C75F7DE0049BB5C /* CaptureOverlayView.swift */,
			);
			path = 3DModel;
			sourceTree = "<group>";
		};
		4B78FC0E2C736BC000858D09 /* Preview Content */ = {
			isa = PBXGroup;
			children = (
				4B78FC0F2C736BC000858D09 /* Preview Assets.xcassets */,
			);
			path = "Preview Content";
			sourceTree = "<group>";
		};
		4B78FC182C736BC000858D09 /* 3DModelTests */ = {
			isa = PBXGroup;
			children = (
				4B78FC192C736BC000858D09 /* _DModelTests.swift */,
			);
			path = 3DModelTests;
			sourceTree = "<group>";
		};
		4B78FC222C736BC000858D09 /* 3DModelUITests */ = {
			isa = PBXGroup;
			children = (
				4B78FC232C736BC000858D09 /* _DModelUITests.swift */,
				4B78FC252C736BC000858D09 /* _DModelUITestsLaunchTests.swift */,
			);
			path = 3DModelUITests;
			sourceTree = "<group>";
		};
/* End PBXGroup section */

/* Begin PBXNativeTarget section */
		4B78FC042C736BBE00858D09 /* 3DModel */ = {
			isa = PBXNativeTarget;
			buildConfigurationList = 4B78FC292C736BC000858D09 /* Build configuration list for PBXNativeTarget "3DModel" */;
			buildPhases = (
				4B78FC012C736BBE00858D09 /* Sources */,
				4B78FC022C736BBE00858D09 /* Frameworks */,
				4B78FC032C736BBE00858D09 /* Resources */,
			);
			buildRules = (
			);
			dependencies = (
			);
			name = 3DModel;
			productName = 3DModel;
			productReference = 4B78FC052C736BBE00858D09 /* 3DModel.app */;
			productType = "com.apple.product-type.application";
		};
		4B78FC142C736BC000858D09 /* 3DModelTests */ = {
			isa = PBXNativeTarget;
			buildConfigurationList = 4B78FC2C2C736BC000858D09 /* Build configuration list for PBXNativeTarget "3DModelTests" */;
			buildPhases = (
				4B78FC112C736BC000858D09 /* Sources */,
				4B78FC122C736BC000858D09 /* Frameworks */,
				4B78FC132C736BC000858D09 /* Resources */,
			);
			buildRules = (
			);
			dependencies = (
				4B78FC172C736BC000858D09 /* PBXTargetDependency */,
			);
			name = 3DModelTests;
			productName = 3DModelTests;
			productReference = 4B78FC152C736BC000858D09 /* 3DModelTests.xctest */;
			productType = "com.apple.product-type.bundle.unit-test";
		};
		4B78FC1E2C736BC000858D09 /* 3DModelUITests */ = {
			isa = PBXNativeTarget;
			buildConfigurationList = 4B78FC2F2C736BC000858D09 /* Build configuration list for PBXNativeTarget "3DModelUITests" */;
			buildPhases = (
				4B78FC1B2C736BC000858D09 /* Sources */,
				4B78FC1C2C736BC000858D09 /* Frameworks */,
				4B78FC1D2C736BC000858D09 /* Resources */,
			);
			buildRules = (
			);
			dependencies = (
				4B78FC212C736BC000858D09 /* PBXTargetDependency */,
			);
			name = 3DModelUITests;
			productName = 3DModelUITests;
			productReference = 4B78FC1F2C736BC000858D09 /* 3DModelUITests.xctest */;
			productType = "com.apple.product-type.bundle.ui-testing";
		};
/* End PBXNativeTarget section */

/* Begin PBXProject section */
		4B78FBFD2C736BBE00858D09 /* Project object */ = {
			isa = PBXProject;
			attributes = {
				BuildIndependentTargetsInParallel = 1;
				LastSwiftUpdateCheck = 1540;
				LastUpgradeCheck = 1540;
				TargetAttributes = {
					4B78FC042C736BBE00858D09 = {
						CreatedOnToolsVersion = 15.4;
					};
					4B78FC142C736BC000858D09 = {
						CreatedOnToolsVersion = 15.4;
						TestTargetID = 4B78FC042C736BBE00858D09;
					};
					4B78FC1E2C736BC000858D09 = {
						CreatedOnToolsVersion = 15.4;
						TestTargetID = 4B78FC042C736BBE00858D09;
					};
				};
			};
			buildConfigurationList = 4B78FC002C736BBE00858D09 /* Build configuration list for PBXProject "3DModel" */;
			compatibilityVersion = "Xcode 14.0";
			developmentRegion = en;
			hasScannedForEncodings = 0;
			knownRegions = (
				en,
				Base,
			);
			mainGroup = 4B78FBFC2C736BBE00858D09;
			productRefGroup = 4B78FC062C736BBE00858D09 /* Products */;
			projectDirPath = "";
			projectRoot = "";
			targets = (
				4B78FC042C736BBE00858D09 /* 3DModel */,
				4B78FC142C736BC000858D09 /* 3DModelTests */,
				4B78FC1E2C736BC000858D09 /* 3DModelUITests */,
			);
		};
/* End PBXProject section */

/* Begin PBXResourcesBuildPhase section */
		4B78FC032C736BBE00858D09 /* Resources */ = {
			isa = PBXResourcesBuildPhase;
			buildActionMask = 2147483647;
			files = (
				4B78FC102C736BC000858D09 /* Preview Assets.xcassets in Resources */,
				4B78FC0D2C736BC000858D09 /* Assets.xcassets in Resources */,
			);
			runOnlyForDeploymentPostprocessing = 0;
		};
		4B78FC132C736BC000858D09 /* Resources */ = {
			isa = PBXResourcesBuildPhase;
			buildActionMask = 2147483647;
			files = (
			);
			runOnlyForDeploymentPostprocessing = 0;
		};
		4B78FC1D2C736BC000858D09 /* Resources */ = {
			isa = PBXResourcesBuildPhase;
			buildActionMask = 2147483647;
			files = (
			);
			runOnlyForDeploymentPostprocessing = 0;
		};
/* End PBXResourcesBuildPhase section */

/* Begin PBXSourcesBuildPhase section */
		4B78FC012C736BBE00858D09 /* Sources */ = {
			isa = PBXSourcesBuildPhase;
			buildActionMask = 2147483647;
			files = (
				4B78FC332C7375DA00858D09 /* ShowModel.swift in Sources */,
				4B629BEF2C75F7DE0049BB5C /* CaptureOverlayView.swift in Sources */,
				4B7395312C74ABC70090A7E7 /* CaptureFolderManager.swift in Sources */,
				4B78FC0B2C736BBE00858D09 /* ContentView.swift in Sources */,
				4B7395332C74AC760090A7E7 /* ShotFileInfo.swift in Sources */,
				4B7395352C74B4590090A7E7 /* ModelFile+State.swift in Sources */,
				4B78FC092C736BBE00858D09 /* _DModelApp.swift in Sources */,
				4B7395372C74C2610090A7E7 /* CapturePrimaryView.swift in Sources */,
				4B73952F2C74718E0090A7E7 /* ModelFile.swift in Sources */,
			);
			runOnlyForDeploymentPostprocessing = 0;
		};
		4B78FC112C736BC000858D09 /* Sources */ = {
			isa = PBXSourcesBuildPhase;
			buildActionMask = 2147483647;
			files = (
				4B78FC1A2C736BC000858D09 /* _DModelTests.swift in Sources */,
			);
			runOnlyForDeploymentPostprocessing = 0;
		};
		4B78FC1B2C736BC000858D09 /* Sources */ = {
			isa = PBXSourcesBuildPhase;
			buildActionMask = 2147483647;
			files = (
				4B78FC242C736BC000858D09 /* _DModelUITests.swift in Sources */,
				4B78FC262C736BC000858D09 /* _DModelUITestsLaunchTests.swift in Sources */,
			);
			runOnlyForDeploymentPostprocessing = 0;
		};
/* End PBXSourcesBuildPhase section */

/* Begin PBXTargetDependency section */
		4B78FC172C736BC000858D09 /* PBXTargetDependency */ = {
			isa = PBXTargetDependency;
			target = 4B78FC042C736BBE00858D09 /* 3DModel */;
			targetProxy = 4B78FC162C736BC000858D09 /* PBXContainerItemProxy */;
		};
		4B78FC212C736BC000858D09 /* PBXTargetDependency */ = {
			isa = PBXTargetDependency;
			target = 4B78FC042C736BBE00858D09 /* 3DModel */;
			targetProxy = 4B78FC202C736BC000858D09 /* PBXContainerItemProxy */;
		};
/* End PBXTargetDependency section */

/* Begin XCBuildConfiguration section */
		4B78FC272C736BC000858D09 /* Debug */ = {
			isa = XCBuildConfiguration;
			buildSettings = {
				ALWAYS_SEARCH_USER_PATHS = NO;
				ASSETCATALOG_COMPILER_GENERATE_SWIFT_ASSET_SYMBOL_EXTENSIONS = YES;
				CLANG_ANALYZER_NONNULL = YES;
				CLANG_ANALYZER_NUMBER_OBJECT_CONVERSION = YES_AGGRESSIVE;
				CLANG_CXX_LANGUAGE_STANDARD = "gnu++20";
				CLANG_ENABLE_MODULES = YES;
				CLANG_ENABLE_OBJC_ARC = YES;
				CLANG_ENABLE_OBJC_WEAK = YES;
				CLANG_WARN_BLOCK_CAPTURE_AUTORELEASING = YES;
				CLANG_WARN_BOOL_CONVERSION = YES;
				CLANG_WARN_COMMA = YES;
				CLANG_WARN_CONSTANT_CONVERSION = YES;
				CLANG_WARN_DEPRECATED_OBJC_IMPLEMENTATIONS = YES;
				CLANG_WARN_DIRECT_OBJC_ISA_USAGE = YES_ERROR;
				CLANG_WARN_DOCUMENTATION_COMMENTS = YES;
				CLANG_WARN_EMPTY_BODY = YES;
				CLANG_WARN_ENUM_CONVERSION = YES;
				CLANG_WARN_INFINITE_RECURSION = YES;
				CLANG_WARN_INT_CONVERSION = YES;
				CLANG_WARN_NON_LITERAL_NULL_CONVERSION = YES;
				CLANG_WARN_OBJC_IMPLICIT_RETAIN_SELF = YES;
				CLANG_WARN_OBJC_LITERAL_CONVERSION = YES;
				CLANG_WARN_OBJC_ROOT_CLASS = YES_ERROR;
				CLANG_WARN_QUOTED_INCLUDE_IN_FRAMEWORK_HEADER = YES;
				CLANG_WARN_RANGE_LOOP_ANALYSIS = YES;
				CLANG_WARN_STRICT_PROTOTYPES = YES;
				CLANG_WARN_SUSPICIOUS_MOVE = YES;
				CLANG_WARN_UNGUARDED_AVAILABILITY = YES_AGGRESSIVE;
				CLANG_WARN_UNREACHABLE_CODE = YES;
				CLANG_WARN__DUPLICATE_METHOD_MATCH = YES;
				COPY_PHASE_STRIP = NO;
				DEBUG_INFORMATION_FORMAT = dwarf;
				ENABLE_STRICT_OBJC_MSGSEND = YES;
				ENABLE_TESTABILITY = YES;
				ENABLE_USER_SCRIPT_SANDBOXING = YES;
				GCC_C_LANGUAGE_STANDARD = gnu17;
				GCC_DYNAMIC_NO_PIC = NO;
				GCC_NO_COMMON_BLOCKS = YES;
				GCC_OPTIMIZATION_LEVEL = 0;
				GCC_PREPROCESSOR_DEFINITIONS = (
					"DEBUG=1",
					"$(inherited)",
				);
				GCC_WARN_64_TO_32_BIT_CONVERSION = YES;
				GCC_WARN_ABOUT_RETURN_TYPE = YES_ERROR;
				GCC_WARN_UNDECLARED_SELECTOR = YES;
				GCC_WARN_UNINITIALIZED_AUTOS = YES_AGGRESSIVE;
				GCC_WARN_UNUSED_FUNCTION = YES;
				GCC_WARN_UNUSED_VARIABLE = YES;
				IPHONEOS_DEPLOYMENT_TARGET = 17.5;
				LOCALIZATION_PREFERS_STRING_CATALOGS = YES;
				MTL_ENABLE_DEBUG_INFO = INCLUDE_SOURCE;
				MTL_FAST_MATH = YES;
				ONLY_ACTIVE_ARCH = YES;
				SDKROOT = iphoneos;
				SWIFT_ACTIVE_COMPILATION_CONDITIONS = "DEBUG $(inherited)";
				SWIFT_OPTIMIZATION_LEVEL = "-Onone";
			};
			name = Debug;
		};
		4B78FC282C736BC000858D09 /* Release */ = {
			isa = XCBuildConfiguration;
			buildSettings = {
				ALWAYS_SEARCH_USER_PATHS = NO;
				ASSETCATALOG_COMPILER_GENERATE_SWIFT_ASSET_SYMBOL_EXTENSIONS = YES;
				CLANG_ANALYZER_NONNULL = YES;
				CLANG_ANALYZER_NUMBER_OBJECT_CONVERSION = YES_AGGRESSIVE;
				CLANG_CXX_LANGUAGE_STANDARD = "gnu++20";
				CLANG_ENABLE_MODULES = YES;
				CLANG_ENABLE_OBJC_ARC = YES;
				CLANG_ENABLE_OBJC_WEAK = YES;
				CLANG_WARN_BLOCK_CAPTURE_AUTORELEASING = YES;
				CLANG_WARN_BOOL_CONVERSION = YES;
				CLANG_WARN_COMMA = YES;
				CLANG_WARN_CONSTANT_CONVERSION = YES;
				CLANG_WARN_DEPRECATED_OBJC_IMPLEMENTATIONS = YES;
				CLANG_WARN_DIRECT_OBJC_ISA_USAGE = YES_ERROR;
				CLANG_WARN_DOCUMENTATION_COMMENTS = YES;
				CLANG_WARN_EMPTY_BODY = YES;
				CLANG_WARN_ENUM_CONVERSION = YES;
				CLANG_WARN_INFINITE_RECURSION = YES;
				CLANG_WARN_INT_CONVERSION = YES;
				CLANG_WARN_NON_LITERAL_NULL_CONVERSION = YES;
				CLANG_WARN_OBJC_IMPLICIT_RETAIN_SELF = YES;
				CLANG_WARN_OBJC_LITERAL_CONVERSION = YES;
				CLANG_WARN_OBJC_ROOT_CLASS = YES_ERROR;
				CLANG_WARN_QUOTED_INCLUDE_IN_FRAMEWORK_HEADER = YES;
				CLANG_WARN_RANGE_LOOP_ANALYSIS = YES;
				CLANG_WARN_STRICT_PROTOTYPES = YES;
				CLANG_WARN_SUSPICIOUS_MOVE = YES;
				CLANG_WARN_UNGUARDED_AVAILABILITY = YES_AGGRESSIVE;
				CLANG_WARN_UNREACHABLE_CODE = YES;
				CLANG_WARN__DUPLICATE_METHOD_MATCH = YES;
				COPY_PHASE_STRIP = NO;
				DEBUG_INFORMATION_FORMAT = "dwarf-with-dsym";
				ENABLE_NS_ASSERTIONS = NO;
				ENABLE_STRICT_OBJC_MSGSEND = YES;
				ENABLE_USER_SCRIPT_SANDBOXING = YES;
				GCC_C_LANGUAGE_STANDARD = gnu17;
				GCC_NO_COMMON_BLOCKS = YES;
				GCC_WARN_64_TO_32_BIT_CONVERSION = YES;
				GCC_WARN_ABOUT_RETURN_TYPE = YES_ERROR;
				GCC_WARN_UNDECLARED_SELECTOR = YES;
				GCC_WARN_UNINITIALIZED_AUTOS = YES_AGGRESSIVE;
				GCC_WARN_UNUSED_FUNCTION = YES;
				GCC_WARN_UNUSED_VARIABLE = YES;
				IPHONEOS_DEPLOYMENT_TARGET = 17.5;
				LOCALIZATION_PREFERS_STRING_CATALOGS = YES;
				MTL_ENABLE_DEBUG_INFO = NO;
				MTL_FAST_MATH = YES;
				SDKROOT = iphoneos;
				SWIFT_COMPILATION_MODE = wholemodule;
				VALIDATE_PRODUCT = YES;
			};
			name = Release;
		};
		4B78FC2A2C736BC000858D09 /* Debug */ = {
			isa = XCBuildConfiguration;
			buildSettings = {
				ASSETCATALOG_COMPILER_APPICON_NAME = AppIcon;
				ASSETCATALOG_COMPILER_GLOBAL_ACCENT_COLOR_NAME = AccentColor;
				CODE_SIGN_STYLE = Automatic;
				CURRENT_PROJECT_VERSION = 1;
				DEVELOPMENT_ASSET_PATHS = "\"3DModel/Preview Content\"";
				DEVELOPMENT_TEAM = MAU2W4P8T9;
				ENABLE_PREVIEWS = YES;
				GENERATE_INFOPLIST_FILE = YES;
				INFOPLIST_KEY_NSCameraUsageDescription = "For scan";
				INFOPLIST_KEY_UIApplicationSceneManifest_Generation = YES;
				INFOPLIST_KEY_UIApplicationSupportsIndirectInputEvents = YES;
				INFOPLIST_KEY_UILaunchScreen_Generation = YES;
				INFOPLIST_KEY_UISupportedInterfaceOrientations_iPad = "UIInterfaceOrientationPortrait UIInterfaceOrientationPortraitUpsideDown UIInterfaceOrientationLandscapeLeft UIInterfaceOrientationLandscapeRight";
				INFOPLIST_KEY_UISupportedInterfaceOrientations_iPhone = "UIInterfaceOrientationPortrait UIInterfaceOrientationLandscapeLeft UIInterfaceOrientationLandscapeRight";
				LD_RUNPATH_SEARCH_PATHS = (
					"$(inherited)",
					"@executable_path/Frameworks",
				);
				MARKETING_VERSION = 1.0;
				PRODUCT_BUNDLE_IDENTIFIER = "me.fairuz.ahmed.-DModel";
				PRODUCT_NAME = "$(TARGET_NAME)";
				SWIFT_EMIT_LOC_STRINGS = YES;
				SWIFT_VERSION = 5.0;
				TARGETED_DEVICE_FAMILY = "1,2";
			};
			name = Debug;
		};
		4B78FC2B2C736BC000858D09 /* Release */ = {
			isa = XCBuildConfiguration;
			buildSettings = {
				ASSETCATALOG_COMPILER_APPICON_NAME = AppIcon;
				ASSETCATALOG_COMPILER_GLOBAL_ACCENT_COLOR_NAME = AccentColor;
				CODE_SIGN_STYLE = Automatic;
				CURRENT_PROJECT_VERSION = 1;
				DEVELOPMENT_ASSET_PATHS = "\"3DModel/Preview Content\"";
				DEVELOPMENT_TEAM = MAU2W4P8T9;
				ENABLE_PREVIEWS = YES;
				GENERATE_INFOPLIST_FILE = YES;
				INFOPLIST_KEY_NSCameraUsageDescription = "For scan";
				INFOPLIST_KEY_UIApplicationSceneManifest_Generation = YES;
				INFOPLIST_KEY_UIApplicationSupportsIndirectInputEvents = YES;
				INFOPLIST_KEY_UILaunchScreen_Generation = YES;
				INFOPLIST_KEY_UISupportedInterfaceOrientations_iPad = "UIInterfaceOrientationPortrait UIInterfaceOrientationPortraitUpsideDown UIInterfaceOrientationLandscapeLeft UIInterfaceOrientationLandscapeRight";
				INFOPLIST_KEY_UISupportedInterfaceOrientations_iPhone = "UIInterfaceOrientationPortrait UIInterfaceOrientationLandscapeLeft UIInterfaceOrientationLandscapeRight";
				LD_RUNPATH_SEARCH_PATHS = (
					"$(inherited)",
					"@executable_path/Frameworks",
				);
				MARKETING_VERSION = 1.0;
				PRODUCT_BUNDLE_IDENTIFIER = "me.fairuz.ahmed.-DModel";
				PRODUCT_NAME = "$(TARGET_NAME)";
				SWIFT_EMIT_LOC_STRINGS = YES;
				SWIFT_VERSION = 5.0;
				TARGETED_DEVICE_FAMILY = "1,2";
			};
			name = Release;
		};
		4B78FC2D2C736BC000858D09 /* Debug */ = {
			isa = XCBuildConfiguration;
			buildSettings = {
				ALWAYS_EMBED_SWIFT_STANDARD_LIBRARIES = YES;
				BUNDLE_LOADER = "$(TEST_HOST)";
				CODE_SIGN_STYLE = Automatic;
				CURRENT_PROJECT_VERSION = 1;
				GENERATE_INFOPLIST_FILE = YES;
				IPHONEOS_DEPLOYMENT_TARGET = 17.5;
				MARKETING_VERSION = 1.0;
				PRODUCT_BUNDLE_IDENTIFIER = "me.fairuz.ahmed.-DModelTests";
				PRODUCT_NAME = "$(TARGET_NAME)";
				SWIFT_EMIT_LOC_STRINGS = NO;
				SWIFT_VERSION = 5.0;
				TARGETED_DEVICE_FAMILY = "1,2";
				TEST_HOST = "$(BUILT_PRODUCTS_DIR)/3DModel.app/$(BUNDLE_EXECUTABLE_FOLDER_PATH)/3DModel";
			};
			name = Debug;
		};
		4B78FC2E2C736BC000858D09 /* Release */ = {
			isa = XCBuildConfiguration;
			buildSettings = {
				ALWAYS_EMBED_SWIFT_STANDARD_LIBRARIES = YES;
				BUNDLE_LOADER = "$(TEST_HOST)";
				CODE_SIGN_STYLE = Automatic;
				CURRENT_PROJECT_VERSION = 1;
				GENERATE_INFOPLIST_FILE = YES;
				IPHONEOS_DEPLOYMENT_TARGET = 17.5;
				MARKETING_VERSION = 1.0;
				PRODUCT_BUNDLE_IDENTIFIER = "me.fairuz.ahmed.-DModelTests";
				PRODUCT_NAME = "$(TARGET_NAME)";
				SWIFT_EMIT_LOC_STRINGS = NO;
				SWIFT_VERSION = 5.0;
				TARGETED_DEVICE_FAMILY = "1,2";
				TEST_HOST = "$(BUILT_PRODUCTS_DIR)/3DModel.app/$(BUNDLE_EXECUTABLE_FOLDER_PATH)/3DModel";
			};
			name = Release;
		};
		4B78FC302C736BC000858D09 /* Debug */ = {
			isa = XCBuildConfiguration;
			buildSettings = {
				ALWAYS_EMBED_SWIFT_STANDARD_LIBRARIES = YES;
				CODE_SIGN_STYLE = Automatic;
				CURRENT_PROJECT_VERSION = 1;
				GENERATE_INFOPLIST_FILE = YES;
				MARKETING_VERSION = 1.0;
				PRODUCT_BUNDLE_IDENTIFIER = "me.fairuz.ahmed.-DModelUITests";
				PRODUCT_NAME = "$(TARGET_NAME)";
				SWIFT_EMIT_LOC_STRINGS = NO;
				SWIFT_VERSION = 5.0;
				TARGETED_DEVICE_FAMILY = "1,2";
				TEST_TARGET_NAME = 3DModel;
			};
			name = Debug;
		};
		4B78FC312C736BC000858D09 /* Release */ = {
			isa = XCBuildConfiguration;
			buildSettings = {
				ALWAYS_EMBED_SWIFT_STANDARD_LIBRARIES = YES;
				CODE_SIGN_STYLE = Automatic;
				CURRENT_PROJECT_VERSION = 1;
				GENERATE_INFOPLIST_FILE = YES;
				MARKETING_VERSION = 1.0;
				PRODUCT_BUNDLE_IDENTIFIER = "me.fairuz.ahmed.-DModelUITests";
				PRODUCT_NAME = "$(TARGET_NAME)";
				SWIFT_EMIT_LOC_STRINGS = NO;
				SWIFT_VERSION = 5.0;
				TARGETED_DEVICE_FAMILY = "1,2";
				TEST_TARGET_NAME = 3DModel;
			};
			name = Release;
		};
/* End XCBuildConfiguration section */

/* Begin XCConfigurationList section */
		4B78FC002C736BBE00858D09 /* Build configuration list for PBXProject "3DModel" */ = {
			isa = XCConfigurationList;
			buildConfigurations = (
				4B78FC272C736BC000858D09 /* Debug */,
				4B78FC282C736BC000858D09 /* Release */,
			);
			defaultConfigurationIsVisible = 0;
			defaultConfigurationName = Release;
		};
		4B78FC292C736BC000858D09 /* Build configuration list for PBXNativeTarget "3DModel" */ = {
			isa = XCConfigurationList;
			buildConfigurations = (
				4B78FC2A2C736BC000858D09 /* Debug */,
				4B78FC2B2C736BC000858D09 /* Release */,
			);
			defaultConfigurationIsVisible = 0;
			defaultConfigurationName = Release;
		};
		4B78FC2C2C736BC000858D09 /* Build configuration list for PBXNativeTarget "3DModelTests" */ = {
			isa = XCConfigurationList;
			buildConfigurations = (
				4B78FC2D2C736BC000858D09 /* Debug */,
				4B78FC2E2C736BC000858D09 /* Release */,
			);
			defaultConfigurationIsVisible = 0;
			defaultConfigurationName = Release;
		};
		4B78FC2F2C736BC000858D09 /* Build configuration list for PBXNativeTarget "3DModelUITests" */ = {
			isa = XCConfigurationList;
			buildConfigurations = (
				4B78FC302C736BC000858D09 /* Debug */,
				4B78FC312C736BC000858D09 /* Release */,
			);
			defaultConfigurationIsVisible = 0;
			defaultConfigurationName = Release;
		};
/* End XCConfigurationList section */
	};
	rootObject = 4B78FBFD2C736BBE00858D09 /* Project object */;
}
